# THIS IS AN AUTOGENERATED FILE. DO NOT EDIT THIS FILE DIRECTLY.
# yarn lockfile v1


"@std/esm@^0.20.0":
  version "0.20.0"
  resolved "https://registry.yarnpkg.com/@std/esm/-/esm-0.20.0.tgz#658cb32e3b163f20b7d9f29a78987041068b1182"

"@types/node@^9.4.0":
  version "9.4.0"
  resolved "https://registry.yarnpkg.com/@types/node/-/node-9.4.0.tgz#b85a0bcf1e1cc84eb4901b7e96966aedc6f078d1"

es6-promise@^4.2.4:
  version "4.2.4"
  resolved "https://registry.yarnpkg.com/es6-promise/-/es6-promise-4.2.4.tgz#dc4221c2b16518760bd8c39a52d8f356fc00ed29"

typescript@^2.7.1:
  version "2.7.1"
  resolved "https://registry.yarnpkg.com/typescript/-/typescript-2.7.1.tgz#bb3682c2c791ac90e7c6210b26478a8da085c359"
